
Microsoft Visual Studio Solution File, Format Version 12.00
# Visual Studio Version 17
VisualStudioVersion = 17.3.32825.248
MinimumVisualStudioVersion = 10.0.40219.1
Project("{9A19103F-16F7-4668-BE54-9A1E7A4F7556}") = "DemoMuseo", "DemoMuseo\DemoMuseo.csproj", "{B16AE10E-A667-4E11-9445-2713BBB389FA}"
EndProject
Project("{9A19103F-16F7-4668-BE54-9A1E7A4F7556}") = "akademiaprueba", "DemoMuseo\ClasesGeneradas\akademiaprueba.csproj", "{7A79F27E-3EB4-4AE8-A02A-EF43400DB258}"
EndProject
Global
	GlobalSection(SolutionConfigurationPlatforms) = preSolution
		Debug|Any CPU = Debug|Any CPU
		Release|Any CPU = Release|Any CPU
	EndGlobalSection
	GlobalSection(ProjectConfigurationPlatforms) = postSolution
		{B16AE10E-A667-4E11-9445-2713BBB389FA}.Debug|Any CPU.ActiveCfg = Debug|Any CPU
		{B16AE10E-A667-4E11-9445-2713BBB389FA}.Debug|Any CPU.Build.0 = Debug|Any CPU
		{B16AE10E-A667-4E11-9445-2713BBB389FA}.Release|Any CPU.ActiveCfg = Release|Any CPU
		{B16AE10E-A667-4E11-9445-2713BBB389FA}.Release|Any CPU.Build.0 = Release|Any CPU
		{7A79F27E-3EB4-4AE8-A02A-EF43400DB258}.Debug|Any CPU.ActiveCfg = Debug|Any CPU
		{7A79F27E-3EB4-4AE8-A02A-EF43400DB258}.Debug|Any CPU.Build.0 = Debug|Any CPU
		{7A79F27E-3EB4-4AE8-A02A-EF43400DB258}.Release|Any CPU.ActiveCfg = Release|Any CPU
		{7A79F27E-3EB4-4AE8-A02A-EF43400DB258}.Release|Any CPU.Build.0 = Release|Any CPU
	EndGlobalSection
	GlobalSection(SolutionProperties) = preSolution
		HideSolutionNode = FALSE
	EndGlobalSection
	GlobalSection(ExtensibilityGlobals) = postSolution
		SolutionGuid = {08EBCD5B-B088-4945-8EBE-DCE0500011CB}
	EndGlobalSection
EndGlobal
